
Microsoft Visual Studio Solution File, Format Version 10.00
# Visual Studio 2008
Project("{FAE04EC0-301F-11D3-BF4B-00C04F79EFBC}") = "ManagedREAPI", "ManagedREAPI\ManagedREAPI.csproj", "{B09358A9-2B1A-41D5-877B-678F32C296D9}"
EndProject
Project("{FAE04EC0-301F-11D3-BF4B-00C04F79EFBC}") = "GarbageConsole", "GarbageConsole\GarbageConsole.csproj", "{08DB0F7D-0718-4202-BC3D-A2DDCBC9DD48}"
EndProject
Project("{FAE04EC0-301F-11D3-BF4B-00C04F79EFBC}") = "WebExample", "ExampleLinqIntegration\WebExample.csproj", "{FDA1031B-4F89-4D37-8B51-448D063F4A7F}"
	ProjectSection(ProjectDependencies) = postProject
		{28954B68-CFE5-49E8-9EF3-8BE69ECA0D26} = {28954B68-CFE5-49E8-9EF3-8BE69ECA0D26}
	EndProjectSection
EndProject
Project("{FAE04EC0-301F-11D3-BF4B-00C04F79EFBC}") = "ReApiService", "ReApiService\ReApiService.csproj", "{BB84C12D-13FE-44FE-8AC4-21A295BCBE3F}"
EndProject
Project("{FAE04EC0-301F-11D3-BF4B-00C04F79EFBC}") = "SerivceHostExample", "SerivceHostExample\SerivceHostExample.csproj", "{28954B68-CFE5-49E8-9EF3-8BE69ECA0D26}"
EndProject
Global
	GlobalSection(TeamFoundationVersionControl) = preSolution
		SccNumberOfProjects = 6
		SccEnterpriseProvider = {4CA58AB2-18FA-4F8D-95D4-32DDF27D184C}
		SccTeamFoundationServer = https://tfs09.codeplex.com/
		SccLocalPath0 = .
		SccProjectUniqueName1 = ManagedREAPI\\ManagedREAPI.csproj
		SccProjectName1 = ManagedREAPI
		SccLocalPath1 = ManagedREAPI
		SccProjectUniqueName2 = GarbageConsole\\GarbageConsole.csproj
		SccProjectName2 = GarbageConsole
		SccLocalPath2 = GarbageConsole
		SccProjectUniqueName3 = ExampleLinqIntegration\\WebExample.csproj
		SccProjectName3 = ExampleLinqIntegration
		SccLocalPath3 = ExampleLinqIntegration
		SccProjectUniqueName4 = ReApiService\\ReApiService.csproj
		SccProjectName4 = ReApiService
		SccLocalPath4 = ReApiService
		SccProjectUniqueName5 = SerivceHostExample\\SerivceHostExample.csproj
		SccProjectName5 = SerivceHostExample
		SccLocalPath5 = SerivceHostExample
	EndGlobalSection
	GlobalSection(SolutionConfigurationPlatforms) = preSolution
		Debug|Any CPU = Debug|Any CPU
		Release|Any CPU = Release|Any CPU
	EndGlobalSection
	GlobalSection(ProjectConfigurationPlatforms) = postSolution
		{B09358A9-2B1A-41D5-877B-678F32C296D9}.Debug|Any CPU.ActiveCfg = Debug|Any CPU
		{B09358A9-2B1A-41D5-877B-678F32C296D9}.Debug|Any CPU.Build.0 = Debug|Any CPU
		{B09358A9-2B1A-41D5-877B-678F32C296D9}.Release|Any CPU.ActiveCfg = Release|Any CPU
		{B09358A9-2B1A-41D5-877B-678F32C296D9}.Release|Any CPU.Build.0 = Release|Any CPU
		{08DB0F7D-0718-4202-BC3D-A2DDCBC9DD48}.Debug|Any CPU.ActiveCfg = Debug|Any CPU
		{08DB0F7D-0718-4202-BC3D-A2DDCBC9DD48}.Debug|Any CPU.Build.0 = Debug|Any CPU
		{08DB0F7D-0718-4202-BC3D-A2DDCBC9DD48}.Release|Any CPU.ActiveCfg = Release|Any CPU
		{08DB0F7D-0718-4202-BC3D-A2DDCBC9DD48}.Release|Any CPU.Build.0 = Release|Any CPU
		{FDA1031B-4F89-4D37-8B51-448D063F4A7F}.Debug|Any CPU.ActiveCfg = Debug|Any CPU
		{FDA1031B-4F89-4D37-8B51-448D063F4A7F}.Debug|Any CPU.Build.0 = Debug|Any CPU
		{FDA1031B-4F89-4D37-8B51-448D063F4A7F}.Release|Any CPU.ActiveCfg = Release|Any CPU
		{FDA1031B-4F89-4D37-8B51-448D063F4A7F}.Release|Any CPU.Build.0 = Release|Any CPU
		{BB84C12D-13FE-44FE-8AC4-21A295BCBE3F}.Debug|Any CPU.ActiveCfg = Debug|Any CPU
		{BB84C12D-13FE-44FE-8AC4-21A295BCBE3F}.Debug|Any CPU.Build.0 = Debug|Any CPU
		{BB84C12D-13FE-44FE-8AC4-21A295BCBE3F}.Release|Any CPU.ActiveCfg = Release|Any CPU
		{BB84C12D-13FE-44FE-8AC4-21A295BCBE3F}.Release|Any CPU.Build.0 = Release|Any CPU
		{28954B68-CFE5-49E8-9EF3-8BE69ECA0D26}.Debug|Any CPU.ActiveCfg = Debug|Any CPU
		{28954B68-CFE5-49E8-9EF3-8BE69ECA0D26}.Debug|Any CPU.Build.0 = Debug|Any CPU
		{28954B68-CFE5-49E8-9EF3-8BE69ECA0D26}.Release|Any CPU.ActiveCfg = Release|Any CPU
		{28954B68-CFE5-49E8-9EF3-8BE69ECA0D26}.Release|Any CPU.Build.0 = Release|Any CPU
	EndGlobalSection
	GlobalSection(SolutionProperties) = preSolution
		HideSolutionNode = FALSE
	EndGlobalSection
EndGlobal
